<?xml version="1.0" encoding="utf-8"?>
<Project ToolsVersion="4.0" xmlns="http://schemas.microsoft.com/developer/msbuild/2003">
  <ItemGroup>
    <Filter Include="bson">
      <UniqueIdentifier>{66084b41-ae39-4782-bf61-5b74f9064b09}</UniqueIdentifier>
    </Filter>
  </ItemGroup>
  <ItemGroup>
    <ClCompile Include="lualib-src\lua-bson.c">
      <Filter>bson</Filter>
    </ClCompile>
  </ItemGroup>
  <ItemGroup>
    <None Include="service-src\bson.def" />
  </ItemGroup>
</Project>