<?xml version="1.0" encoding="utf-8"?>
<Project ToolsVersion="4.0" xmlns="http://schemas.microsoft.com/developer/msbuild/2003">
  <ItemGroup>
    <Filter Include="lua">
      <UniqueIdentifier>{058f29c1-5036-452e-ab3e-93cb6b0e7d3b}</UniqueIdentifier>
    </Filter>
  </ItemGroup>
  <ItemGroup>
    <ClCompile Include="3rd\lua\lapi.c">
      <Filter>lua</Filter>
    </ClCompile>
    <ClCompile Include="3rd\lua\lauxlib.c">
      <Filter>lua</Filter>
    </ClCompile>
    <ClCompile Include="3rd\lua\lbaselib.c">
      <Filter>lua</Filter>
    </ClCompile>
    <ClCompile Include="3rd\lua\lbitlib.c">
      <Filter>lua</Filter>
    </ClCompile>
    <ClCompile Include="3rd\lua\lcode.c">
      <Filter>lua</Filter>
    </ClCompile>
    <ClCompile Include="3rd\lua\lcorolib.c">
      <Filter>lua</Filter>
    </ClCompile>
    <ClCompile Include="3rd\lua\lctype.c">
      <Filter>lua</Filter>
    </ClCompile>
    <ClCompile Include="3rd\lua\ldblib.c">
      <Filter>lua</Filter>
    </ClCompile>
    <ClCompile Include="3rd\lua\ldebug.c">
      <Filter>lua</Filter>
    </ClCompile>
    <ClCompile Include="3rd\lua\ldo.c">
      <Filter>lua</Filter>
    </ClCompile>
    <ClCompile Include="3rd\lua\ldump.c">
      <Filter>lua</Filter>
    </ClCompile>
    <ClCompile Include="3rd\lua\lfunc.c">
      <Filter>lua</Filter>
    </ClCompile>
    <ClCompile Include="3rd\lua\lgc.c">
      <Filter>lua</Filter>
    </ClCompile>
    <ClCompile Include="3rd\lua\linit.c">
      <Filter>lua</Filter>
    </ClCompile>
    <ClCompile Include="3rd\lua\liolib.c">
      <Filter>lua</Filter>
    </ClCompile>
    <ClCompile Include="3rd\lua\llex.c">
      <Filter>lua</Filter>
    </ClCompile>
    <ClCompile Include="3rd\lua\lmathlib.c">
      <Filter>lua</Filter>
    </ClCompile>
    <ClCompile Include="3rd\lua\lmem.c">
      <Filter>lua</Filter>
    </ClCompile>
    <ClCompile Include="3rd\lua\loadlib.c">
      <Filter>lua</Filter>
    </ClCompile>
    <ClCompile Include="3rd\lua\lobject.c">
      <Filter>lua</Filter>
    </ClCompile>
    <ClCompile Include="3rd\lua\lopcodes.c">
      <Filter>lua</Filter>
    </ClCompile>
    <ClCompile Include="3rd\lua\loslib.c">
      <Filter>lua</Filter>
    </ClCompile>
    <ClCompile Include="3rd\lua\lparser.c">
      <Filter>lua</Filter>
    </ClCompile>
    <ClCompile Include="3rd\lua\lstate.c">
      <Filter>lua</Filter>
    </ClCompile>
    <ClCompile Include="3rd\lua\lstring.c">
      <Filter>lua</Filter>
    </ClCompile>
    <ClCompile Include="3rd\lua\lstrlib.c">
      <Filter>lua</Filter>
    </ClCompile>
    <ClCompile Include="3rd\lua\ltable.c">
      <Filter>lua</Filter>
    </ClCompile>
    <ClCompile Include="3rd\lua\ltablib.c">
      <Filter>lua</Filter>
    </ClCompile>
    <ClCompile Include="3rd\lua\ltm.c">
      <Filter>lua</Filter>
    </ClCompile>
    <ClCompile Include="3rd\lua\lundump.c">
      <Filter>lua</Filter>
    </ClCompile>
    <ClCompile Include="3rd\lua\lutf8lib.c">
      <Filter>lua</Filter>
    </ClCompile>
    <ClCompile Include="3rd\lua\lvm.c">
      <Filter>lua</Filter>
    </ClCompile>
    <ClCompile Include="3rd\lua\lzio.c">
      <Filter>lua</Filter>
    </ClCompile>
    <ClCompile Include="3rd\lua\lua.c">
      <Filter>lua</Filter>
    </ClCompile>
  </ItemGroup>
  <ItemGroup>
    <ClInclude Include="3rd\lua\lapi.h">
      <Filter>lua</Filter>
    </ClInclude>
    <ClInclude Include="3rd\lua\lauxlib.h">
      <Filter>lua</Filter>
    </ClInclude>
    <ClInclude Include="3rd\lua\lcode.h">
      <Filter>lua</Filter>
    </ClInclude>
    <ClInclude Include="3rd\lua\lctype.h">
      <Filter>lua</Filter>
    </ClInclude>
    <ClInclude Include="3rd\lua\ldebug.h">
      <Filter>lua</Filter>
    </ClInclude>
    <ClInclude Include="3rd\lua\ldo.h">
      <Filter>lua</Filter>
    </ClInclude>
    <ClInclude Include="3rd\lua\lfunc.h">
      <Filter>lua</Filter>
    </ClInclude>
    <ClInclude Include="3rd\lua\lgc.h">
      <Filter>lua</Filter>
    </ClInclude>
    <ClInclude Include="3rd\lua\llex.h">
      <Filter>lua</Filter>
    </ClInclude>
    <ClInclude Include="3rd\lua\llimits.h">
      <Filter>lua</Filter>
    </ClInclude>
    <ClInclude Include="3rd\lua\lmem.h">
      <Filter>lua</Filter>
    </ClInclude>
    <ClInclude Include="3rd\lua\lobject.h">
      <Filter>lua</Filter>
    </ClInclude>
    <ClInclude Include="3rd\lua\lopcodes.h">
      <Filter>lua</Filter>
    </ClInclude>
    <ClInclude Include="3rd\lua\lparser.h">
      <Filter>lua</Filter>
    </ClInclude>
    <ClInclude Include="3rd\lua\lprefix.h">
      <Filter>lua</Filter>
    </ClInclude>
    <ClInclude Include="3rd\lua\lstate.h">
      <Filter>lua</Filter>
    </ClInclude>
    <ClInclude Include="3rd\lua\lstring.h">
      <Filter>lua</Filter>
    </ClInclude>
    <ClInclude Include="3rd\lua\ltable.h">
      <Filter>lua</Filter>
    </ClInclude>
    <ClInclude Include="3rd\lua\ltm.h">
      <Filter>lua</Filter>
    </ClInclude>
    <ClInclude Include="3rd\lua\lua.h">
      <Filter>lua</Filter>
    </ClInclude>
    <ClInclude Include="3rd\lua\lua.hpp">
      <Filter>lua</Filter>
    </ClInclude>
    <ClInclude Include="3rd\lua\luaconf.h">
      <Filter>lua</Filter>
    </ClInclude>
    <ClInclude Include="3rd\lua\lualib.h">
      <Filter>lua</Filter>
    </ClInclude>
    <ClInclude Include="3rd\lua\lundump.h">
      <Filter>lua</Filter>
    </ClInclude>
    <ClInclude Include="3rd\lua\lvm.h">
      <Filter>lua</Filter>
    </ClInclude>
    <ClInclude Include="3rd\lua\lzio.h">
      <Filter>lua</Filter>
    </ClInclude>
  </ItemGroup>
</Project>