
Microsoft Visual Studio Solution File, Format Version 12.00
# Visual Studio Version 16
VisualStudioVersion = 16.0.30330.147
MinimumVisualStudioVersion = 10.0.40219.1
Project("{8BC9CEB8-8B4A-11D0-8D11-00A0C91BC942}") = "WinSkynet", "WinSkynet.vcxproj", "{6DA29BD3-9027-4A06-ADF8-D7FBE80FF2B1}"
EndProject
Project("{8BC9CEB8-8B4A-11D0-8D11-00A0C91BC942}") = "pthread", "3rd\pthreads-w32\pthread.vcxproj", "{17A895DA-7CA1-4259-AEAF-603802A36515}"
EndProject
Project("{8BC9CEB8-8B4A-11D0-8D11-00A0C91BC942}") = "logger", "WinSkynetLogger.vcxproj", "{3D83C776-72DC-4542-86AA-FDD24F55FA71}"
EndProject
Project("{8BC9CEB8-8B4A-11D0-8D11-00A0C91BC942}") = "harbor", "WinSkynetHabor.vcxproj", "{8A41420D-E62E-4EC1-B1BB-4B6C553F2103}"
EndProject
Project("{8BC9CEB8-8B4A-11D0-8D11-00A0C91BC942}") = "gate", "WinSkynetGate.vcxproj", "{E4129DE1-12A3-47AD-8340-F6379F585AFF}"
EndProject
Project("{8BC9CEB8-8B4A-11D0-8D11-00A0C91BC942}") = "snlua", "WinSkynetSnlua.vcxproj", "{145E9C9F-6500-492E-B35E-D428497C4F92}"
EndProject
Project("{8BC9CEB8-8B4A-11D0-8D11-00A0C91BC942}") = "lpeg", "lpeg.vcxproj", "{DE88097A-3BFC-4820-9D6D-C1907B4EF505}"
EndProject
Project("{8BC9CEB8-8B4A-11D0-8D11-00A0C91BC942}") = "lua", "lua.vcxproj", "{4A68BFF3-EBC9-4417-BE90-B4CA6CFCC401}"
EndProject
Project("{8BC9CEB8-8B4A-11D0-8D11-00A0C91BC942}") = "lua_md5", "lua_md5.vcxproj", "{4D9EE6AF-741C-4D88-825A-22491E262C9F}"
EndProject
Project("{8BC9CEB8-8B4A-11D0-8D11-00A0C91BC942}") = "mimalloc-override", "3rd\mimalloc\ide\vs2019\mimalloc-override.vcxproj", "{ABB5EAE7-B3E6-432E-B636-333449892EA7}"
EndProject
Project("{8BC9CEB8-8B4A-11D0-8D11-00A0C91BC942}") = "Skynet", "Skynet.vcxproj", "{26B4B1AB-BC82-489B-92BA-9023E6CAEECF}"
EndProject
Global
	GlobalSection(SolutionConfigurationPlatforms) = preSolution
		Debug|x64 = Debug|x64
		Debug|x86 = Debug|x86
		Release|x64 = Release|x64
		Release|x86 = Release|x86
	EndGlobalSection
	GlobalSection(ProjectConfigurationPlatforms) = postSolution
		{6DA29BD3-9027-4A06-ADF8-D7FBE80FF2B1}.Debug|x64.ActiveCfg = Debug|x64
		{6DA29BD3-9027-4A06-ADF8-D7FBE80FF2B1}.Debug|x64.Build.0 = Debug|x64
		{6DA29BD3-9027-4A06-ADF8-D7FBE80FF2B1}.Debug|x86.ActiveCfg = Debug|Win32
		{6DA29BD3-9027-4A06-ADF8-D7FBE80FF2B1}.Debug|x86.Build.0 = Debug|Win32
		{6DA29BD3-9027-4A06-ADF8-D7FBE80FF2B1}.Release|x64.ActiveCfg = Release|x64
		{6DA29BD3-9027-4A06-ADF8-D7FBE80FF2B1}.Release|x64.Build.0 = Release|x64
		{6DA29BD3-9027-4A06-ADF8-D7FBE80FF2B1}.Release|x86.ActiveCfg = Release|Win32
		{6DA29BD3-9027-4A06-ADF8-D7FBE80FF2B1}.Release|x86.Build.0 = Release|Win32
		{17A895DA-7CA1-4259-AEAF-603802A36515}.Debug|x64.ActiveCfg = Debug|x64
		{17A895DA-7CA1-4259-AEAF-603802A36515}.Debug|x64.Build.0 = Debug|x64
		{17A895DA-7CA1-4259-AEAF-603802A36515}.Debug|x86.ActiveCfg = Debug|Win32
		{17A895DA-7CA1-4259-AEAF-603802A36515}.Debug|x86.Build.0 = Debug|Win32
		{17A895DA-7CA1-4259-AEAF-603802A36515}.Release|x64.ActiveCfg = Release|x64
		{17A895DA-7CA1-4259-AEAF-603802A36515}.Release|x64.Build.0 = Release|x64
		{17A895DA-7CA1-4259-AEAF-603802A36515}.Release|x86.ActiveCfg = Release|Win32
		{17A895DA-7CA1-4259-AEAF-603802A36515}.Release|x86.Build.0 = Release|Win32
		{3D83C776-72DC-4542-86AA-FDD24F55FA71}.Debug|x64.ActiveCfg = Debug|x64
		{3D83C776-72DC-4542-86AA-FDD24F55FA71}.Debug|x64.Build.0 = Debug|x64
		{3D83C776-72DC-4542-86AA-FDD24F55FA71}.Debug|x86.ActiveCfg = Debug|Win32
		{3D83C776-72DC-4542-86AA-FDD24F55FA71}.Debug|x86.Build.0 = Debug|Win32
		{3D83C776-72DC-4542-86AA-FDD24F55FA71}.Release|x64.ActiveCfg = Release|x64
		{3D83C776-72DC-4542-86AA-FDD24F55FA71}.Release|x64.Build.0 = Release|x64
		{3D83C776-72DC-4542-86AA-FDD24F55FA71}.Release|x86.ActiveCfg = Release|Win32
		{3D83C776-72DC-4542-86AA-FDD24F55FA71}.Release|x86.Build.0 = Release|Win32
		{8A41420D-E62E-4EC1-B1BB-4B6C553F2103}.Debug|x64.ActiveCfg = Debug|x64
		{8A41420D-E62E-4EC1-B1BB-4B6C553F2103}.Debug|x64.Build.0 = Debug|x64
		{8A41420D-E62E-4EC1-B1BB-4B6C553F2103}.Debug|x86.ActiveCfg = Debug|Win32
		{8A41420D-E62E-4EC1-B1BB-4B6C553F2103}.Debug|x86.Build.0 = Debug|Win32
		{8A41420D-E62E-4EC1-B1BB-4B6C553F2103}.Release|x64.ActiveCfg = Release|x64
		{8A41420D-E62E-4EC1-B1BB-4B6C553F2103}.Release|x64.Build.0 = Release|x64
		{8A41420D-E62E-4EC1-B1BB-4B6C553F2103}.Release|x86.ActiveCfg = Release|Win32
		{8A41420D-E62E-4EC1-B1BB-4B6C553F2103}.Release|x86.Build.0 = Release|Win32
		{E4129DE1-12A3-47AD-8340-F6379F585AFF}.Debug|x64.ActiveCfg = Debug|x64
		{E4129DE1-12A3-47AD-8340-F6379F585AFF}.Debug|x64.Build.0 = Debug|x64
		{E4129DE1-12A3-47AD-8340-F6379F585AFF}.Debug|x86.ActiveCfg = Debug|Win32
		{E4129DE1-12A3-47AD-8340-F6379F585AFF}.Debug|x86.Build.0 = Debug|Win32
		{E4129DE1-12A3-47AD-8340-F6379F585AFF}.Release|x64.ActiveCfg = Release|x64
		{E4129DE1-12A3-47AD-8340-F6379F585AFF}.Release|x64.Build.0 = Release|x64
		{E4129DE1-12A3-47AD-8340-F6379F585AFF}.Release|x86.ActiveCfg = Release|Win32
		{E4129DE1-12A3-47AD-8340-F6379F585AFF}.Release|x86.Build.0 = Release|Win32
		{145E9C9F-6500-492E-B35E-D428497C4F92}.Debug|x64.ActiveCfg = Debug|x64
		{145E9C9F-6500-492E-B35E-D428497C4F92}.Debug|x64.Build.0 = Debug|x64
		{145E9C9F-6500-492E-B35E-D428497C4F92}.Debug|x86.ActiveCfg = Debug|Win32
		{145E9C9F-6500-492E-B35E-D428497C4F92}.Debug|x86.Build.0 = Debug|Win32
		{145E9C9F-6500-492E-B35E-D428497C4F92}.Release|x64.ActiveCfg = Release|x64
		{145E9C9F-6500-492E-B35E-D428497C4F92}.Release|x64.Build.0 = Release|x64
		{145E9C9F-6500-492E-B35E-D428497C4F92}.Release|x86.ActiveCfg = Release|Win32
		{145E9C9F-6500-492E-B35E-D428497C4F92}.Release|x86.Build.0 = Release|Win32
		{DE88097A-3BFC-4820-9D6D-C1907B4EF505}.Debug|x64.ActiveCfg = Debug|x64
		{DE88097A-3BFC-4820-9D6D-C1907B4EF505}.Debug|x64.Build.0 = Debug|x64
		{DE88097A-3BFC-4820-9D6D-C1907B4EF505}.Debug|x86.ActiveCfg = Debug|Win32
		{DE88097A-3BFC-4820-9D6D-C1907B4EF505}.Debug|x86.Build.0 = Debug|Win32
		{DE88097A-3BFC-4820-9D6D-C1907B4EF505}.Release|x64.ActiveCfg = Release|x64
		{DE88097A-3BFC-4820-9D6D-C1907B4EF505}.Release|x64.Build.0 = Release|x64
		{DE88097A-3BFC-4820-9D6D-C1907B4EF505}.Release|x86.ActiveCfg = Release|Win32
		{DE88097A-3BFC-4820-9D6D-C1907B4EF505}.Release|x86.Build.0 = Release|Win32
		{4A68BFF3-EBC9-4417-BE90-B4CA6CFCC401}.Debug|x64.ActiveCfg = Debug|x64
		{4A68BFF3-EBC9-4417-BE90-B4CA6CFCC401}.Debug|x64.Build.0 = Debug|x64
		{4A68BFF3-EBC9-4417-BE90-B4CA6CFCC401}.Debug|x86.ActiveCfg = Debug|Win32
		{4A68BFF3-EBC9-4417-BE90-B4CA6CFCC401}.Debug|x86.Build.0 = Debug|Win32
		{4A68BFF3-EBC9-4417-BE90-B4CA6CFCC401}.Release|x64.ActiveCfg = Release|x64
		{4A68BFF3-EBC9-4417-BE90-B4CA6CFCC401}.Release|x64.Build.0 = Release|x64
		{4A68BFF3-EBC9-4417-BE90-B4CA6CFCC401}.Release|x86.ActiveCfg = Release|Win32
		{4A68BFF3-EBC9-4417-BE90-B4CA6CFCC401}.Release|x86.Build.0 = Release|Win32
		{4D9EE6AF-741C-4D88-825A-22491E262C9F}.Debug|x64.ActiveCfg = Debug|x64
		{4D9EE6AF-741C-4D88-825A-22491E262C9F}.Debug|x64.Build.0 = Debug|x64
		{4D9EE6AF-741C-4D88-825A-22491E262C9F}.Debug|x86.ActiveCfg = Debug|Win32
		{4D9EE6AF-741C-4D88-825A-22491E262C9F}.Debug|x86.Build.0 = Debug|Win32
		{4D9EE6AF-741C-4D88-825A-22491E262C9F}.Release|x64.ActiveCfg = Release|x64
		{4D9EE6AF-741C-4D88-825A-22491E262C9F}.Release|x64.Build.0 = Release|x64
		{4D9EE6AF-741C-4D88-825A-22491E262C9F}.Release|x86.ActiveCfg = Release|Win32
		{4D9EE6AF-741C-4D88-825A-22491E262C9F}.Release|x86.Build.0 = Release|Win32
		{ABB5EAE7-B3E6-432E-B636-333449892EA7}.Debug|x64.ActiveCfg = Debug|x64
		{ABB5EAE7-B3E6-432E-B636-333449892EA7}.Debug|x64.Build.0 = Debug|x64
		{ABB5EAE7-B3E6-432E-B636-333449892EA7}.Debug|x86.ActiveCfg = Debug|Win32
		{ABB5EAE7-B3E6-432E-B636-333449892EA7}.Debug|x86.Build.0 = Debug|Win32
		{ABB5EAE7-B3E6-432E-B636-333449892EA7}.Release|x64.ActiveCfg = Release|x64
		{ABB5EAE7-B3E6-432E-B636-333449892EA7}.Release|x64.Build.0 = Release|x64
		{ABB5EAE7-B3E6-432E-B636-333449892EA7}.Release|x86.ActiveCfg = Release|Win32
		{ABB5EAE7-B3E6-432E-B636-333449892EA7}.Release|x86.Build.0 = Release|Win32
		{26B4B1AB-BC82-489B-92BA-9023E6CAEECF}.Debug|x64.ActiveCfg = Debug|x64
		{26B4B1AB-BC82-489B-92BA-9023E6CAEECF}.Debug|x64.Build.0 = Debug|x64
		{26B4B1AB-BC82-489B-92BA-9023E6CAEECF}.Debug|x86.ActiveCfg = Debug|Win32
		{26B4B1AB-BC82-489B-92BA-9023E6CAEECF}.Debug|x86.Build.0 = Debug|Win32
		{26B4B1AB-BC82-489B-92BA-9023E6CAEECF}.Release|x64.ActiveCfg = Release|x64
		{26B4B1AB-BC82-489B-92BA-9023E6CAEECF}.Release|x64.Build.0 = Release|x64
		{26B4B1AB-BC82-489B-92BA-9023E6CAEECF}.Release|x86.ActiveCfg = Release|Win32
		{26B4B1AB-BC82-489B-92BA-9023E6CAEECF}.Release|x86.Build.0 = Release|Win32
	EndGlobalSection
	GlobalSection(SolutionProperties) = preSolution
		HideSolutionNode = FALSE
	EndGlobalSection
	GlobalSection(ExtensibilityGlobals) = postSolution
		SolutionGuid = {2807ED21-9A6B-414E-BAA0-99FF60F42473}
	EndGlobalSection
EndGlobal
